
Microsoft Visual Studio Solution File, Format Version 12.00
# Visual Studio 15
VisualStudioVersion = 15.0.26430.4
MinimumVisualStudioVersion = 10.0.40219.1
Project("{9A19103F-16F7-4668-BE54-9A1E7A4F7556}") = "log4net.Appender.Splunk", "log4net.Appender.Splunk\log4net.Appender.Splunk.csproj", "{C2B4ADF8-09C2-41C8-BC8E-1B669EBF5324}"
EndProject
Project("{FAE04EC0-301F-11D3-BF4B-00C04F79EFBC}") = "ConsoleTestApp", "ConsoleTestApp\ConsoleTestApp.csproj", "{8CF7482B-0B95-4C29-8B19-25D210CDB0CE}"
EndProject
Project("{FAE04EC0-301F-11D3-BF4B-00C04F79EFBC}") = "log4net.Appender.Splunk.Tests", "log4net.Appender.Splunk.Tests\log4net.Appender.Splunk.Tests.csproj", "{429AEC05-12EE-4B49-8BB4-F3DE9E4F4C11}"
EndProject
Project("{FAE04EC0-301F-11D3-BF4B-00C04F79EFBC}") = "AspNetWebApp", "AspNetWebApp\AspNetWebApp.csproj", "{AB96AE37-D49C-4CC6-9445-0503DD5B67C5}"
EndProject
Global
	GlobalSection(SolutionConfigurationPlatforms) = preSolution
		Debug|Any CPU = Debug|Any CPU
		Release|Any CPU = Release|Any CPU
	EndGlobalSection
	GlobalSection(ProjectConfigurationPlatforms) = postSolution
		{C2B4ADF8-09C2-41C8-BC8E-1B669EBF5324}.Debug|Any CPU.ActiveCfg = Debug|Any CPU
		{C2B4ADF8-09C2-41C8-BC8E-1B669EBF5324}.Debug|Any CPU.Build.0 = Debug|Any CPU
		{C2B4ADF8-09C2-41C8-BC8E-1B669EBF5324}.Release|Any CPU.ActiveCfg = Release|Any CPU
		{C2B4ADF8-09C2-41C8-BC8E-1B669EBF5324}.Release|Any CPU.Build.0 = Release|Any CPU
		{8CF7482B-0B95-4C29-8B19-25D210CDB0CE}.Debug|Any CPU.ActiveCfg = Debug|Any CPU
		{8CF7482B-0B95-4C29-8B19-25D210CDB0CE}.Debug|Any CPU.Build.0 = Debug|Any CPU
		{8CF7482B-0B95-4C29-8B19-25D210CDB0CE}.Release|Any CPU.ActiveCfg = Release|Any CPU
		{8CF7482B-0B95-4C29-8B19-25D210CDB0CE}.Release|Any CPU.Build.0 = Release|Any CPU
		{429AEC05-12EE-4B49-8BB4-F3DE9E4F4C11}.Debug|Any CPU.ActiveCfg = Debug|Any CPU
		{429AEC05-12EE-4B49-8BB4-F3DE9E4F4C11}.Debug|Any CPU.Build.0 = Debug|Any CPU
		{429AEC05-12EE-4B49-8BB4-F3DE9E4F4C11}.Release|Any CPU.ActiveCfg = Release|Any CPU
		{429AEC05-12EE-4B49-8BB4-F3DE9E4F4C11}.Release|Any CPU.Build.0 = Release|Any CPU
		{AB96AE37-D49C-4CC6-9445-0503DD5B67C5}.Debug|Any CPU.ActiveCfg = Debug|Any CPU
		{AB96AE37-D49C-4CC6-9445-0503DD5B67C5}.Debug|Any CPU.Build.0 = Debug|Any CPU
		{AB96AE37-D49C-4CC6-9445-0503DD5B67C5}.Release|Any CPU.ActiveCfg = Release|Any CPU
		{AB96AE37-D49C-4CC6-9445-0503DD5B67C5}.Release|Any CPU.Build.0 = Release|Any CPU
	EndGlobalSection
	GlobalSection(SolutionProperties) = preSolution
		HideSolutionNode = FALSE
	EndGlobalSection
	GlobalSection(ExtensibilityGlobals) = postSolution
		SolutionGuid = {A6EC91BD-C04F-4B31-836A-5E83202E1831}
	EndGlobalSection
EndGlobal
