
Microsoft Visual Studio Solution File, Format Version 12.00
# Visual Studio 14
VisualStudioVersion = 14.0.25420.1
MinimumVisualStudioVersion = 10.0.40219.1
Project("{FAE04EC0-301F-11D3-BF4B-00C04F79EFBC}") = "ConsoleTestApp", "ConsoleTestApp\ConsoleTestApp.csproj", "{8CF7482B-0B95-4C29-8B19-25D210CDB0CE}"
EndProject
Project("{FAE04EC0-301F-11D3-BF4B-00C04F79EFBC}") = "log4net.Appender.Splunk", "log4net.Appender.Splunk\log4net.Appender.Splunk.csproj", "{7998193B-6D44-45C7-A385-9938A9D84237}"
EndProject
Project("{FAE04EC0-301F-11D3-BF4B-00C04F79EFBC}") = "log4net.Appender.Splunk.Tests", "log4net.Appender.Splunk.Tests\log4net.Appender.Splunk.Tests.csproj", "{429AEC05-12EE-4B49-8BB4-F3DE9E4F4C11}"
EndProject
Global
	GlobalSection(SolutionConfigurationPlatforms) = preSolution
		Debug|Any CPU = Debug|Any CPU
		Release|Any CPU = Release|Any CPU
	EndGlobalSection
	GlobalSection(ProjectConfigurationPlatforms) = postSolution
		{8CF7482B-0B95-4C29-8B19-25D210CDB0CE}.Debug|Any CPU.ActiveCfg = Debug|Any CPU
		{8CF7482B-0B95-4C29-8B19-25D210CDB0CE}.Debug|Any CPU.Build.0 = Debug|Any CPU
		{8CF7482B-0B95-4C29-8B19-25D210CDB0CE}.Release|Any CPU.ActiveCfg = Release|Any CPU
		{8CF7482B-0B95-4C29-8B19-25D210CDB0CE}.Release|Any CPU.Build.0 = Release|Any CPU
		{7998193B-6D44-45C7-A385-9938A9D84237}.Debug|Any CPU.ActiveCfg = Release|Any CPU
		{7998193B-6D44-45C7-A385-9938A9D84237}.Debug|Any CPU.Build.0 = Release|Any CPU
		{7998193B-6D44-45C7-A385-9938A9D84237}.Release|Any CPU.ActiveCfg = Release|Any CPU
		{7998193B-6D44-45C7-A385-9938A9D84237}.Release|Any CPU.Build.0 = Release|Any CPU
		{429AEC05-12EE-4B49-8BB4-F3DE9E4F4C11}.Debug|Any CPU.ActiveCfg = Debug|Any CPU
		{429AEC05-12EE-4B49-8BB4-F3DE9E4F4C11}.Debug|Any CPU.Build.0 = Debug|Any CPU
		{429AEC05-12EE-4B49-8BB4-F3DE9E4F4C11}.Release|Any CPU.ActiveCfg = Release|Any CPU
		{429AEC05-12EE-4B49-8BB4-F3DE9E4F4C11}.Release|Any CPU.Build.0 = Release|Any CPU
	EndGlobalSection
	GlobalSection(SolutionProperties) = preSolution
		HideSolutionNode = FALSE
	EndGlobalSection
EndGlobal
